
Microsoft Visual Studio Solution File, Format Version 12.00
# Visual Studio Version 17
VisualStudioVersion = 17.5.2.0
MinimumVisualStudioVersion = 10.0.40219.1
Project("{FAE04EC0-301F-11D3-BF4B-00C04F79EFBC}") = "LämnaInEntity", "LämnaInEntity.csproj", "{522862ED-9B8B-9FB5-2FA5-E56532D91BAA}"
EndProject
Global
	GlobalSection(SolutionConfigurationPlatforms) = preSolution
		Debug|Any CPU = Debug|Any CPU
		Release|Any CPU = Release|Any CPU
	EndGlobalSection
	GlobalSection(ProjectConfigurationPlatforms) = postSolution
		{522862ED-9B8B-9FB5-2FA5-E56532D91BAA}.Debug|Any CPU.ActiveCfg = Debug|Any CPU
		{522862ED-9B8B-9FB5-2FA5-E56532D91BAA}.Debug|Any CPU.Build.0 = Debug|Any CPU
		{522862ED-9B8B-9FB5-2FA5-E56532D91BAA}.Release|Any CPU.ActiveCfg = Release|Any CPU
		{522862ED-9B8B-9FB5-2FA5-E56532D91BAA}.Release|Any CPU.Build.0 = Release|Any CPU
	EndGlobalSection
	GlobalSection(SolutionProperties) = preSolution
		HideSolutionNode = FALSE
	EndGlobalSection
	GlobalSection(ExtensibilityGlobals) = postSolution
		SolutionGuid = {8DBC07A4-AE6A-4AE6-B4C9-98691A05E876}
	EndGlobalSection
EndGlobal
